
Microsoft Visual Studio Solution File, Format Version 12.00
# Visual Studio Version 17
VisualStudioVersion = 17.7.34024.191
MinimumVisualStudioVersion = 10.0.40219.1
Project("{8BC9CEB8-8B4A-11D0-8D11-00A0C91BC942}") = "lab 3 (13 var)", "lab 3 (13 var)\lab 3 (13 var).vcxproj", "{BC447C14-DF8D-46F1-A784-F7678F0499FA}"
EndProject
Global
	GlobalSection(SolutionConfigurationPlatforms) = preSolution
		Debug|x64 = Debug|x64
		Debug|x86 = Debug|x86
		Release|x64 = Release|x64
		Release|x86 = Release|x86
	EndGlobalSection
	GlobalSection(ProjectConfigurationPlatforms) = postSolution
		{BC447C14-DF8D-46F1-A784-F7678F0499FA}.Debug|x64.ActiveCfg = Debug|x64
		{BC447C14-DF8D-46F1-A784-F7678F0499FA}.Debug|x64.Build.0 = Debug|x64
		{BC447C14-DF8D-46F1-A784-F7678F0499FA}.Debug|x86.ActiveCfg = Debug|Win32
		{BC447C14-DF8D-46F1-A784-F7678F0499FA}.Debug|x86.Build.0 = Debug|Win32
		{BC447C14-DF8D-46F1-A784-F7678F0499FA}.Release|x64.ActiveCfg = Release|x64
		{BC447C14-DF8D-46F1-A784-F7678F0499FA}.Release|x64.Build.0 = Release|x64
		{BC447C14-DF8D-46F1-A784-F7678F0499FA}.Release|x86.ActiveCfg = Release|Win32
		{BC447C14-DF8D-46F1-A784-F7678F0499FA}.Release|x86.Build.0 = Release|Win32
	EndGlobalSection
	GlobalSection(SolutionProperties) = preSolution
		HideSolutionNode = FALSE
	EndGlobalSection
	GlobalSection(ExtensibilityGlobals) = postSolution
		SolutionGuid = {CA5C4CE5-2F1A-43B3-B9A3-077F3BB4622A}
	EndGlobalSection
EndGlobal
